// !$*UTF8*$!
{
	archiveVersion = 1;
	classes = {
	};
	objectVersion = 48;
	objects = {

/* Begin PBXBuildFile section */
		06C68F2AC24136017F6744CD /* Pods_myTaskLogin.framework in Frameworks */ = {isa = PBXBuildFile; fileRef = BAA033F23D946E3F5383ED2A /* Pods_myTaskLogin.framework */; };
		6155B5CD23C09B05005BB480 /* secondViewController.swift in Sources */ = {isa = PBXBuildFile; fileRef = 6155B5CC23C09B05005BB480 /* secondViewController.swift */; };
		6155B5CF23C0B1BE005BB480 /* MenuItemsViewController.swift in Sources */ = {isa = PBXBuildFile; fileRef = 6155B5CE23C0B1BE005BB480 /* MenuItemsViewController.swift */; };
		61D7513823C0224A008B6930 /* AppDelegate.swift in Sources */ = {isa = PBXBuildFile; fileRef = 61D7513723C0224A008B6930 /* AppDelegate.swift */; };
		61D7513A23C0224A008B6930 /* ViewController.swift in Sources */ = {isa = PBXBuildFile; fileRef = 61D7513923C0224A008B6930 /* ViewController.swift */; };
		61D7513D23C0224A008B6930 /* Main.storyboard in Resources */ = {isa = PBXBuildFile; fileRef = 61D7513B23C0224A008B6930 /* Main.storyboard */; };
		61D7513F23C0224A008B6930 /* Assets.xcassets in Resources */ = {isa = PBXBuildFile; fileRef = 61D7513E23C0224A008B6930 /* Assets.xcassets */; };
		61D7514223C0224A008B6930 /* LaunchScreen.storyboard in Resources */ = {isa = PBXBuildFile; fileRef = 61D7514023C0224A008B6930 /* LaunchScreen.storyboard */; };
		61D7514C23C02859008B6930 /* formCell.swift in Sources */ = {isa = PBXBuildFile; fileRef = 61D7514B23C02859008B6930 /* formCell.swift */; };
		61D7514E23C03915008B6930 /* GoogleService-Info.plist in Resources */ = {isa = PBXBuildFile; fileRef = 61D7514D23C03915008B6930 /* GoogleService-Info.plist */; };
		F2393D5C23C116B100C68FD4 /* userInfoViewController.swift in Sources */ = {isa = PBXBuildFile; fileRef = F2393D5B23C116B100C68FD4 /* userInfoViewController.swift */; };
		F2393D5E23C125A400C68FD4 /* GoogleMapsViewController.swift in Sources */ = {isa = PBXBuildFile; fileRef = F2393D5D23C125A400C68FD4 /* GoogleMapsViewController.swift */; };
		F2393D6023C12A3600C68FD4 /* MapKitViewController.swift in Sources */ = {isa = PBXBuildFile; fileRef = F2393D5F23C12A3500C68FD4 /* MapKitViewController.swift */; };
		F2393D6223C12A3B00C68FD4 /* DroppablePin.swift in Sources */ = {isa = PBXBuildFile; fileRef = F2393D6123C12A3B00C68FD4 /* DroppablePin.swift */; };
/* End PBXBuildFile section */

/* Begin PBXFileReference section */
		541C3DA41D9955BFDAA9730B /* Pods-myTaskLogin.debug.xcconfig */ = {isa = PBXFileReference; includeInIndex = 1; lastKnownFileType = text.xcconfig; name = "Pods-myTaskLogin.debug.xcconfig"; path = "Pods/Target Support Files/Pods-myTaskLogin/Pods-myTaskLogin.debug.xcconfig"; sourceTree = "<group>"; };
		6155B5CC23C09B05005BB480 /* secondViewController.swift */ = {isa = PBXFileReference; lastKnownFileType = sourcecode.swift; path = secondViewController.swift; sourceTree = "<group>"; };
		6155B5CE23C0B1BE005BB480 /* MenuItemsViewController.swift */ = {isa = PBXFileReference; lastKnownFileType = sourcecode.swift; path = MenuItemsViewController.swift; sourceTree = "<group>"; };
		61D7513423C0224A008B6930 /* myTaskLogin.app */ = {isa = PBXFileReference; explicitFileType = wrapper.application; includeInIndex = 0; path = myTaskLogin.app; sourceTree = BUILT_PRODUCTS_DIR; };
		61D7513723C0224A008B6930 /* AppDelegate.swift */ = {isa = PBXFileReference; lastKnownFileType = sourcecode.swift; path = AppDelegate.swift; sourceTree = "<group>"; };
		61D7513923C0224A008B6930 /* ViewController.swift */ = {isa = PBXFileReference; lastKnownFileType = sourcecode.swift; path = ViewController.swift; sourceTree = "<group>"; };
		61D7513C23C0224A008B6930 /* Base */ = {isa = PBXFileReference; lastKnownFileType = file.storyboard; name = Base; path = Base.lproj/Main.storyboard; sourceTree = "<group>"; };
		61D7513E23C0224A008B6930 /* Assets.xcassets */ = {isa = PBXFileReference; lastKnownFileType = folder.assetcatalog; path = Assets.xcassets; sourceTree = "<group>"; };
		61D7514123C0224A008B6930 /* Base */ = {isa = PBXFileReference; lastKnownFileType = file.storyboard; name = Base; path = Base.lproj/LaunchScreen.storyboard; sourceTree = "<group>"; };
		61D7514323C0224A008B6930 /* Info.plist */ = {isa = PBXFileReference; lastKnownFileType = text.plist.xml; path = Info.plist; sourceTree = "<group>"; };
		61D7514B23C02859008B6930 /* formCell.swift */ = {isa = PBXFileReference; lastKnownFileType = sourcecode.swift; path = formCell.swift; sourceTree = "<group>"; };
		61D7514D23C03915008B6930 /* GoogleService-Info.plist */ = {isa = PBXFileReference; fileEncoding = 4; lastKnownFileType = text.plist.xml; path = "GoogleService-Info.plist"; sourceTree = "<group>"; };
		BAA033F23D946E3F5383ED2A /* Pods_myTaskLogin.framework */ = {isa = PBXFileReference; explicitFileType = wrapper.framework; includeInIndex = 0; path = Pods_myTaskLogin.framework; sourceTree = BUILT_PRODUCTS_DIR; };
		DA9171DD284FBFEAE5818DDA /* Pods-myTaskLogin.release.xcconfig */ = {isa = PBXFileReference; includeInIndex = 1; lastKnownFileType = text.xcconfig; name = "Pods-myTaskLogin.release.xcconfig"; path = "Pods/Target Support Files/Pods-myTaskLogin/Pods-myTaskLogin.release.xcconfig"; sourceTree = "<group>"; };
		F2393D5B23C116B100C68FD4 /* userInfoViewController.swift */ = {isa = PBXFileReference; lastKnownFileType = sourcecode.swift; path = userInfoViewController.swift; sourceTree = "<group>"; };
		F2393D5D23C125A400C68FD4 /* GoogleMapsViewController.swift */ = {isa = PBXFileReference; lastKnownFileType = sourcecode.swift; path = GoogleMapsViewController.swift; sourceTree = "<group>"; };
		F2393D5F23C12A3500C68FD4 /* MapKitViewController.swift */ = {isa = PBXFileReference; fileEncoding = 4; lastKnownFileType = sourcecode.swift; path = MapKitViewController.swift; sourceTree = "<group>"; };
		F2393D6123C12A3B00C68FD4 /* DroppablePin.swift */ = {isa = PBXFileReference; fileEncoding = 4; lastKnownFileType = sourcecode.swift; path = DroppablePin.swift; sourceTree = "<group>"; };
/* End PBXFileReference section */

/* Begin PBXFrameworksBuildPhase section */
		61D7513123C0224A008B6930 /* Frameworks */ = {
			isa = PBXFrameworksBuildPhase;
			buildActionMask = 2147483647;
			files = (
				06C68F2AC24136017F6744CD /* Pods_myTaskLogin.framework in Frameworks */,
			);
			runOnlyForDeploymentPostprocessing = 0;
		};
/* End PBXFrameworksBuildPhase section */

/* Begin PBXGroup section */
		61D7512B23C0224A008B6930 = {
			isa = PBXGroup;
			children = (
				61D7513623C0224A008B6930 /* myTaskLogin */,
				61D7513523C0224A008B6930 /* Products */,
				BB53215671A95B64DF16207E /* Pods */,
				F7235B0CC0021306E2D04D97 /* Frameworks */,
			);
			sourceTree = "<group>";
		};
		61D7513523C0224A008B6930 /* Products */ = {
			isa = PBXGroup;
			children = (
				61D7513423C0224A008B6930 /* myTaskLogin.app */,
			);
			name = Products;
			sourceTree = "<group>";
		};
		61D7513623C0224A008B6930 /* myTaskLogin */ = {
			isa = PBXGroup;
			children = (
				61D7513723C0224A008B6930 /* AppDelegate.swift */,
				F2393D5B23C116B100C68FD4 /* userInfoViewController.swift */,
				61D7514B23C02859008B6930 /* formCell.swift */,
				61D7513923C0224A008B6930 /* ViewController.swift */,
				6155B5CC23C09B05005BB480 /* secondViewController.swift */,
				6155B5CE23C0B1BE005BB480 /* MenuItemsViewController.swift */,
				61D7513B23C0224A008B6930 /* Main.storyboard */,
				61D7513E23C0224A008B6930 /* Assets.xcassets */,
				61D7514023C0224A008B6930 /* LaunchScreen.storyboard */,
				61D7514323C0224A008B6930 /* Info.plist */,
				61D7514D23C03915008B6930 /* GoogleService-Info.plist */,
				F2393D5D23C125A400C68FD4 /* GoogleMapsViewController.swift */,
				F2393D5F23C12A3500C68FD4 /* MapKitViewController.swift */,
				F2393D6123C12A3B00C68FD4 /* DroppablePin.swift */,
			);
			path = myTaskLogin;
			sourceTree = "<group>";
		};
		BB53215671A95B64DF16207E /* Pods */ = {
			isa = PBXGroup;
			children = (
				541C3DA41D9955BFDAA9730B /* Pods-myTaskLogin.debug.xcconfig */,
				DA9171DD284FBFEAE5818DDA /* Pods-myTaskLogin.release.xcconfig */,
			);
			name = Pods;
			sourceTree = "<group>";
		};
		F7235B0CC0021306E2D04D97 /* Frameworks */ = {
			isa = PBXGroup;
			children = (
				BAA033F23D946E3F5383ED2A /* Pods_myTaskLogin.framework */,
			);
			name = Frameworks;
			sourceTree = "<group>";
		};
/* End PBXGroup section */

/* Begin PBXNativeTarget section */
		61D7513323C0224A008B6930 /* myTaskLogin */ = {
			isa = PBXNativeTarget;
			buildConfigurationList = 61D7514623C0224A008B6930 /* Build configuration list for PBXNativeTarget "myTaskLogin" */;
			buildPhases = (
				5BC8DB7D4B80CEFA15F61752 /* [CP] Check Pods Manifest.lock */,
				61D7513023C0224A008B6930 /* Sources */,
				61D7513123C0224A008B6930 /* Frameworks */,
				61D7513223C0224A008B6930 /* Resources */,
				F5134AB27B365A55E31E7BFA /* [CP] Embed Pods Frameworks */,
				1F942E8D080BDC52B838A49E /* [CP] Copy Pods Resources */,
			);
			buildRules = (
			);
			dependencies = (
			);
			name = myTaskLogin;
			productName = myTaskLogin;
			productReference = 61D7513423C0224A008B6930 /* myTaskLogin.app */;
			productType = "com.apple.product-type.application";
		};
/* End PBXNativeTarget section */

/* Begin PBXProject section */
		61D7512C23C0224A008B6930 /* Project object */ = {
			isa = PBXProject;
			attributes = {
				LastSwiftUpdateCheck = 0920;
				LastUpgradeCheck = 0920;
				ORGANIZATIONNAME = shereen;
				TargetAttributes = {
					61D7513323C0224A008B6930 = {
						CreatedOnToolsVersion = 9.2;
						ProvisioningStyle = Automatic;
					};
				};
			};
			buildConfigurationList = 61D7512F23C0224A008B6930 /* Build configuration list for PBXProject "myTaskLogin" */;
			compatibilityVersion = "Xcode 8.0";
			developmentRegion = en;
			hasScannedForEncodings = 0;
			knownRegions = (
				en,
				Base,
			);
			mainGroup = 61D7512B23C0224A008B6930;
			productRefGroup = 61D7513523C0224A008B6930 /* Products */;
			projectDirPath = "";
			projectRoot = "";
			targets = (
				61D7513323C0224A008B6930 /* myTaskLogin */,
			);
		};
/* End PBXProject section */

/* Begin PBXResourcesBuildPhase section */
		61D7513223C0224A008B6930 /* Resources */ = {
			isa = PBXResourcesBuildPhase;
			buildActionMask = 2147483647;
			files = (
				61D7514223C0224A008B6930 /* LaunchScreen.storyboard in Resources */,
				61D7514E23C03915008B6930 /* GoogleService-Info.plist in Resources */,
				61D7513F23C0224A008B6930 /* Assets.xcassets in Resources */,
				61D7513D23C0224A008B6930 /* Main.storyboard in Resources */,
			);
			runOnlyForDeploymentPostprocessing = 0;
		};
/* End PBXResourcesBuildPhase section */

/* Begin PBXShellScriptBuildPhase section */
		1F942E8D080BDC52B838A49E /* [CP] Copy Pods Resources */ = {
			isa = PBXShellScriptBuildPhase;
			buildActionMask = 2147483647;
			files = (
			);
			inputPaths = (
				"${PODS_ROOT}/Target Support Files/Pods-myTaskLogin/Pods-myTaskLogin-resources.sh",
				"${PODS_ROOT}/GoogleMaps/Maps/Frameworks/GoogleMaps.framework/Resources/GoogleMaps.bundle",
			);
			name = "[CP] Copy Pods Resources";
			outputPaths = (
				"${TARGET_BUILD_DIR}/${UNLOCALIZED_RESOURCES_FOLDER_PATH}/GoogleMaps.bundle",
			);
			runOnlyForDeploymentPostprocessing = 0;
			shellPath = /bin/sh;
			shellScript = "\"${PODS_ROOT}/Target Support Files/Pods-myTaskLogin/Pods-myTaskLogin-resources.sh\"\n";
			showEnvVarsInLog = 0;
		};
		5BC8DB7D4B80CEFA15F61752 /* [CP] Check Pods Manifest.lock */ = {
			isa = PBXShellScriptBuildPhase;
			buildActionMask = 2147483647;
			files = (
			);
			inputPaths = (
				"${PODS_PODFILE_DIR_PATH}/Podfile.lock",
				"${PODS_ROOT}/Manifest.lock",
			);
			name = "[CP] Check Pods Manifest.lock";
			outputPaths = (
				"$(DERIVED_FILE_DIR)/Pods-myTaskLogin-checkManifestLockResult.txt",
			);
			runOnlyForDeploymentPostprocessing = 0;
			shellPath = /bin/sh;
			shellScript = "diff \"${PODS_PODFILE_DIR_PATH}/Podfile.lock\" \"${PODS_ROOT}/Manifest.lock\" > /dev/null\nif [ $? != 0 ] ; then\n    # print error to STDERR\n    echo \"error: The sandbox is not in sync with the Podfile.lock. Run 'pod install' or update your CocoaPods installation.\" >&2\n    exit 1\nfi\n# This output is used by Xcode 'outputs' to avoid re-running this script phase.\necho \"SUCCESS\" > \"${SCRIPT_OUTPUT_FILE_0}\"\n";
			showEnvVarsInLog = 0;
		};
		F5134AB27B365A55E31E7BFA /* [CP] Embed Pods Frameworks */ = {
			isa = PBXShellScriptBuildPhase;
			buildActionMask = 2147483647;
			files = (
			);
			inputPaths = (
				"${PODS_ROOT}/Target Support Files/Pods-myTaskLogin/Pods-myTaskLogin-frameworks.sh",
				"${BUILT_PRODUCTS_DIR}/GTMSessionFetcher/GTMSessionFetcher.framework",
				"${BUILT_PRODUCTS_DIR}/GoogleUtilities/GoogleUtilities.framework",
				"${BUILT_PRODUCTS_DIR}/SideMenu/SideMenu.framework",
				"${BUILT_PRODUCTS_DIR}/leveldb-library/leveldb.framework",
				"${BUILT_PRODUCTS_DIR}/nanopb/nanopb.framework",
			);
			name = "[CP] Embed Pods Frameworks";
			outputPaths = (
				"${TARGET_BUILD_DIR}/${FRAMEWORKS_FOLDER_PATH}/GTMSessionFetcher.framework",
				"${TARGET_BUILD_DIR}/${FRAMEWORKS_FOLDER_PATH}/GoogleUtilities.framework",
				"${TARGET_BUILD_DIR}/${FRAMEWORKS_FOLDER_PATH}/SideMenu.framework",
				"${TARGET_BUILD_DIR}/${FRAMEWORKS_FOLDER_PATH}/leveldb.framework",
				"${TARGET_BUILD_DIR}/${FRAMEWORKS_FOLDER_PATH}/nanopb.framework",
			);
			runOnlyForDeploymentPostprocessing = 0;
			shellPath = /bin/sh;
			shellScript = "\"${PODS_ROOT}/Target Support Files/Pods-myTaskLogin/Pods-myTaskLogin-frameworks.sh\"\n";
			showEnvVarsInLog = 0;
		};
/* End PBXShellScriptBuildPhase section */

/* Begin PBXSourcesBuildPhase section */
		61D7513023C0224A008B6930 /* Sources */ = {
			isa = PBXSourcesBuildPhase;
			buildActionMask = 2147483647;
			files = (
				6155B5CD23C09B05005BB480 /* secondViewController.swift in Sources */,
				61D7514C23C02859008B6930 /* formCell.swift in Sources */,
				F2393D6023C12A3600C68FD4 /* MapKitViewController.swift in Sources */,
				6155B5CF23C0B1BE005BB480 /* MenuItemsViewController.swift in Sources */,
				F2393D6223C12A3B00C68FD4 /* DroppablePin.swift in Sources */,
				61D7513A23C0224A008B6930 /* ViewController.swift in Sources */,
				F2393D5E23C125A400C68FD4 /* GoogleMapsViewController.swift in Sources */,
				61D7513823C0224A008B6930 /* AppDelegate.swift in Sources */,
				F2393D5C23C116B100C68FD4 /* userInfoViewController.swift in Sources */,
			);
			runOnlyForDeploymentPostprocessing = 0;
		};
/* End PBXSourcesBuildPhase section */

/* Begin PBXVariantGroup section */
		61D7513B23C0224A008B6930 /* Main.storyboard */ = {
			isa = PBXVariantGroup;
			children = (
				61D7513C23C0224A008B6930 /* Base */,
			);
			name = Main.storyboard;
			sourceTree = "<group>";
		};
		61D7514023C0224A008B6930 /* LaunchScreen.storyboard */ = {
			isa = PBXVariantGroup;
			children = (
				61D7514123C0224A008B6930 /* Base */,
			);
			name = LaunchScreen.storyboard;
			sourceTree = "<group>";
		};
/* End PBXVariantGroup section */

/* Begin XCBuildConfiguration section */
		61D7514423C0224A008B6930 /* Debug */ = {
			isa = XCBuildConfiguration;
			buildSettings = {
				ALWAYS_SEARCH_USER_PATHS = NO;
				CLANG_ANALYZER_NONNULL = YES;
				CLANG_ANALYZER_NUMBER_OBJECT_CONVERSION = YES_AGGRESSIVE;
				CLANG_CXX_LANGUAGE_STANDARD = "gnu++14";
				CLANG_CXX_LIBRARY = "libc++";
				CLANG_ENABLE_MODULES = YES;
				CLANG_ENABLE_OBJC_ARC = YES;
				CLANG_WARN_BLOCK_CAPTURE_AUTORELEASING = YES;
				CLANG_WARN_BOOL_CONVERSION = YES;
				CLANG_WARN_COMMA = YES;
				CLANG_WARN_CONSTANT_CONVERSION = YES;
				CLANG_WARN_DIRECT_OBJC_ISA_USAGE = YES_ERROR;
				CLANG_WARN_DOCUMENTATION_COMMENTS = YES;
				CLANG_WARN_EMPTY_BODY = YES;
				CLANG_WARN_ENUM_CONVERSION = YES;
				CLANG_WARN_INFINITE_RECURSION = YES;
				CLANG_WARN_INT_CONVERSION = YES;
				CLANG_WARN_NON_LITERAL_NULL_CONVERSION = YES;
				CLANG_WARN_OBJC_LITERAL_CONVERSION = YES;
				CLANG_WARN_OBJC_ROOT_CLASS = YES_ERROR;
				CLANG_WARN_RANGE_LOOP_ANALYSIS = YES;
				CLANG_WARN_STRICT_PROTOTYPES = YES;
				CLANG_WARN_SUSPICIOUS_MOVE = YES;
				CLANG_WARN_UNGUARDED_AVAILABILITY = YES_AGGRESSIVE;
				CLANG_WARN_UNREACHABLE_CODE = YES;
				CLANG_WARN__DUPLICATE_METHOD_MATCH = YES;
				CODE_SIGN_IDENTITY = "iPhone Developer";
				COPY_PHASE_STRIP = NO;
				DEBUG_INFORMATION_FORMAT = dwarf;
				ENABLE_STRICT_OBJC_MSGSEND = YES;
				ENABLE_TESTABILITY = YES;
				GCC_C_LANGUAGE_STANDARD = gnu11;
				GCC_DYNAMIC_NO_PIC = NO;
				GCC_NO_COMMON_BLOCKS = YES;
				GCC_OPTIMIZATION_LEVEL = 0;
				GCC_PREPROCESSOR_DEFINITIONS = (
					"DEBUG=1",
					"$(inherited)",
				);
				GCC_WARN_64_TO_32_BIT_CONVERSION = YES;
				GCC_WARN_ABOUT_RETURN_TYPE = YES_ERROR;
				GCC_WARN_UNDECLARED_SELECTOR = YES;
				GCC_WARN_UNINITIALIZED_AUTOS = YES_AGGRESSIVE;
				GCC_WARN_UNUSED_FUNCTION = YES;
				GCC_WARN_UNUSED_VARIABLE = YES;
				IPHONEOS_DEPLOYMENT_TARGET = 11.2;
				MTL_ENABLE_DEBUG_INFO = YES;
				ONLY_ACTIVE_ARCH = YES;
				SDKROOT = iphoneos;
				SWIFT_ACTIVE_COMPILATION_CONDITIONS = DEBUG;
				SWIFT_OPTIMIZATION_LEVEL = "-Onone";
			};
			name = Debug;
		};
		61D7514523C0224A008B6930 /* Release */ = {
			isa = XCBuildConfiguration;
			buildSettings = {
				ALWAYS_SEARCH_USER_PATHS = NO;
				CLANG_ANALYZER_NONNULL = YES;
				CLANG_ANALYZER_NUMBER_OBJECT_CONVERSION = YES_AGGRESSIVE;
				CLANG_CXX_LANGUAGE_STANDARD = "gnu++14";
				CLANG_CXX_LIBRARY = "libc++";
				CLANG_ENABLE_MODULES = YES;
				CLANG_ENABLE_OBJC_ARC = YES;
				CLANG_WARN_BLOCK_CAPTURE_AUTORELEASING = YES;
				CLANG_WARN_BOOL_CONVERSION = YES;
				CLANG_WARN_COMMA = YES;
				CLANG_WARN_CONSTANT_CONVERSION = YES;
				CLANG_WARN_DIRECT_OBJC_ISA_USAGE = YES_ERROR;
				CLANG_WARN_DOCUMENTATION_COMMENTS = YES;
				CLANG_WARN_EMPTY_BODY = YES;
				CLANG_WARN_ENUM_CONVERSION = YES;
				CLANG_WARN_INFINITE_RECURSION = YES;
				CLANG_WARN_INT_CONVERSION = YES;
				CLANG_WARN_NON_LITERAL_NULL_CONVERSION = YES;
				CLANG_WARN_OBJC_LITERAL_CONVERSION = YES;
				CLANG_WARN_OBJC_ROOT_CLASS = YES_ERROR;
				CLANG_WARN_RANGE_LOOP_ANALYSIS = YES;
				CLANG_WARN_STRICT_PROTOTYPES = YES;
				CLANG_WARN_SUSPICIOUS_MOVE = YES;
				CLANG_WARN_UNGUARDED_AVAILABILITY = YES_AGGRESSIVE;
				CLANG_WARN_UNREACHABLE_CODE = YES;
				CLANG_WARN__DUPLICATE_METHOD_MATCH = YES;
				CODE_SIGN_IDENTITY = "iPhone Developer";
				COPY_PHASE_STRIP = NO;
				DEBUG_INFORMATION_FORMAT = "dwarf-with-dsym";
				ENABLE_NS_ASSERTIONS = NO;
				ENABLE_STRICT_OBJC_MSGSEND = YES;
				GCC_C_LANGUAGE_STANDARD = gnu11;
				GCC_NO_COMMON_BLOCKS = YES;
				GCC_WARN_64_TO_32_BIT_CONVERSION = YES;
				GCC_WARN_ABOUT_RETURN_TYPE = YES_ERROR;
				GCC_WARN_UNDECLARED_SELECTOR = YES;
				GCC_WARN_UNINITIALIZED_AUTOS = YES_AGGRESSIVE;
				GCC_WARN_UNUSED_FUNCTION = YES;
				GCC_WARN_UNUSED_VARIABLE = YES;
				IPHONEOS_DEPLOYMENT_TARGET = 11.2;
				MTL_ENABLE_DEBUG_INFO = NO;
				SDKROOT = iphoneos;
				SWIFT_OPTIMIZATION_LEVEL = "-Owholemodule";
				VALIDATE_PRODUCT = YES;
			};
			name = Release;
		};
		61D7514723C0224A008B6930 /* Debug */ = {
			isa = XCBuildConfiguration;
			baseConfigurationReference = 541C3DA41D9955BFDAA9730B /* Pods-myTaskLogin.debug.xcconfig */;
			buildSettings = {
				ASSETCATALOG_COMPILER_APPICON_NAME = AppIcon;
				CODE_SIGN_STYLE = Automatic;
				INFOPLIST_FILE = myTaskLogin/Info.plist;
				LD_RUNPATH_SEARCH_PATHS = "$(inherited) @executable_path/Frameworks";
				PRODUCT_BUNDLE_IDENTIFIER = orga.myTaskLogin;
				PRODUCT_NAME = "$(TARGET_NAME)";
				SWIFT_VERSION = 4.0;
				TARGETED_DEVICE_FAMILY = "1,2";
			};
			name = Debug;
		};
		61D7514823C0224A008B6930 /* Release */ = {
			isa = XCBuildConfiguration;
			baseConfigurationReference = DA9171DD284FBFEAE5818DDA /* Pods-myTaskLogin.release.xcconfig */;
			buildSettings = {
				ASSETCATALOG_COMPILER_APPICON_NAME = AppIcon;
				CODE_SIGN_STYLE = Automatic;
				INFOPLIST_FILE = myTaskLogin/Info.plist;
				LD_RUNPATH_SEARCH_PATHS = "$(inherited) @executable_path/Frameworks";
				PRODUCT_BUNDLE_IDENTIFIER = orga.myTaskLogin;
				PRODUCT_NAME = "$(TARGET_NAME)";
				SWIFT_VERSION = 4.0;
				TARGETED_DEVICE_FAMILY = "1,2";
			};
			name = Release;
		};
/* End XCBuildConfiguration section */

/* Begin XCConfigurationList section */
		61D7512F23C0224A008B6930 /* Build configuration list for PBXProject "myTaskLogin" */ = {
			isa = XCConfigurationList;
			buildConfigurations = (
				61D7514423C0224A008B6930 /* Debug */,
				61D7514523C0224A008B6930 /* Release */,
			);
			defaultConfigurationIsVisible = 0;
			defaultConfigurationName = Release;
		};
		61D7514623C0224A008B6930 /* Build configuration list for PBXNativeTarget "myTaskLogin" */ = {
			isa = XCConfigurationList;
			buildConfigurations = (
				61D7514723C0224A008B6930 /* Debug */,
				61D7514823C0224A008B6930 /* Release */,
			);
			defaultConfigurationIsVisible = 0;
			defaultConfigurationName = Release;
		};
/* End XCConfigurationList section */
	};
	rootObject = 61D7512C23C0224A008B6930 /* Project object */;
}
